
Microsoft Visual Studio Solution File, Format Version 12.00
# Visual Studio 15
VisualStudioVersion = 15.0.26403.7
MinimumVisualStudioVersion = 10.0.40219.1
Project("{FAE04EC0-301F-11D3-BF4B-00C04F79EFBC}") = "Vamia", "Vamia\Vamia.csproj", "{B0973B7C-B0EB-4512-859E-3A1A1555E64E}"
EndProject
Project("{FAE04EC0-301F-11D3-BF4B-00C04F79EFBC}") = "Vamia.Tests", "Vamia.Tests\Vamia.Tests.csproj", "{2F907898-BF05-4FF8-A35A-44ADCB37B0A6}"
EndProject
Project("{FAE04EC0-301F-11D3-BF4B-00C04F79EFBC}") = "Vamia.Domain", "Vamia.Domain\Vamia.Domain.csproj", "{8B7CFBC6-E499-4424-B2F3-07C25C31DB8E}"
EndProject
Project("{FAE04EC0-301F-11D3-BF4B-00C04F79EFBC}") = "Vamia.Console", "Vamia.Console\Vamia.Console.csproj", "{546B2468-B31E-4D60-ABA3-436E0A360AC6}"
EndProject
Global
	GlobalSection(SolutionConfigurationPlatforms) = preSolution
		Debug|Any CPU = Debug|Any CPU
		Release|Any CPU = Release|Any CPU
	EndGlobalSection
	GlobalSection(ProjectConfigurationPlatforms) = postSolution
		{B0973B7C-B0EB-4512-859E-3A1A1555E64E}.Debug|Any CPU.ActiveCfg = Debug|Any CPU
		{B0973B7C-B0EB-4512-859E-3A1A1555E64E}.Debug|Any CPU.Build.0 = Debug|Any CPU
		{B0973B7C-B0EB-4512-859E-3A1A1555E64E}.Release|Any CPU.ActiveCfg = Release|Any CPU
		{B0973B7C-B0EB-4512-859E-3A1A1555E64E}.Release|Any CPU.Build.0 = Release|Any CPU
		{2F907898-BF05-4FF8-A35A-44ADCB37B0A6}.Debug|Any CPU.ActiveCfg = Debug|Any CPU
		{2F907898-BF05-4FF8-A35A-44ADCB37B0A6}.Debug|Any CPU.Build.0 = Debug|Any CPU
		{2F907898-BF05-4FF8-A35A-44ADCB37B0A6}.Release|Any CPU.ActiveCfg = Release|Any CPU
		{2F907898-BF05-4FF8-A35A-44ADCB37B0A6}.Release|Any CPU.Build.0 = Release|Any CPU
		{8B7CFBC6-E499-4424-B2F3-07C25C31DB8E}.Debug|Any CPU.ActiveCfg = Debug|Any CPU
		{8B7CFBC6-E499-4424-B2F3-07C25C31DB8E}.Debug|Any CPU.Build.0 = Debug|Any CPU
		{8B7CFBC6-E499-4424-B2F3-07C25C31DB8E}.Release|Any CPU.ActiveCfg = Release|Any CPU
		{8B7CFBC6-E499-4424-B2F3-07C25C31DB8E}.Release|Any CPU.Build.0 = Release|Any CPU
		{546B2468-B31E-4D60-ABA3-436E0A360AC6}.Debug|Any CPU.ActiveCfg = Debug|Any CPU
		{546B2468-B31E-4D60-ABA3-436E0A360AC6}.Debug|Any CPU.Build.0 = Debug|Any CPU
		{546B2468-B31E-4D60-ABA3-436E0A360AC6}.Release|Any CPU.ActiveCfg = Release|Any CPU
		{546B2468-B31E-4D60-ABA3-436E0A360AC6}.Release|Any CPU.Build.0 = Release|Any CPU
	EndGlobalSection
	GlobalSection(SolutionProperties) = preSolution
		HideSolutionNode = FALSE
	EndGlobalSection
EndGlobal
