
Microsoft Visual Studio Solution File, Format Version 12.00
# Visual Studio 14
VisualStudioVersion = 14.0.25123.0
MinimumVisualStudioVersion = 10.0.40219.1
Project("{FAE04EC0-301F-11D3-BF4B-00C04F79EFBC}") = "Vamia.Web", "Vamia.Web\Vamia.Web.csproj", "{55469FB5-F00E-4F36-AA9E-E7478A2D32E3}"
EndProject
Project("{FAE04EC0-301F-11D3-BF4B-00C04F79EFBC}") = "Vamia.Tests", "Vamia.Tests\Vamia.Tests.csproj", "{D858428B-09C9-48B7-9D03-A79A5934B750}"
EndProject
Project("{FAE04EC0-301F-11D3-BF4B-00C04F79EFBC}") = "Vamia.Core", "Vamia.Core\Vamia.Core.csproj", "{A6D00A24-988A-4451-B504-024D0D421263}"
EndProject
Project("{FAE04EC0-301F-11D3-BF4B-00C04F79EFBC}") = "Vamia.Data", "Vamia.Data\Vamia.Data.csproj", "{07D042AF-1A70-417C-A893-C7C29B5CBBD3}"
EndProject
Project("{FAE04EC0-301F-11D3-BF4B-00C04F79EFBC}") = "Vamia.Infrastructure", "Vamia.Infrastructure\Vamia.Infrastructure.csproj", "{07AE16AD-4D5D-43A7-9B08-7EBB3B18E3B7}"
EndProject
Global
	GlobalSection(SolutionConfigurationPlatforms) = preSolution
		Debug|Any CPU = Debug|Any CPU
		Release|Any CPU = Release|Any CPU
	EndGlobalSection
	GlobalSection(ProjectConfigurationPlatforms) = postSolution
		{55469FB5-F00E-4F36-AA9E-E7478A2D32E3}.Debug|Any CPU.ActiveCfg = Debug|Any CPU
		{55469FB5-F00E-4F36-AA9E-E7478A2D32E3}.Debug|Any CPU.Build.0 = Debug|Any CPU
		{55469FB5-F00E-4F36-AA9E-E7478A2D32E3}.Release|Any CPU.ActiveCfg = Release|Any CPU
		{55469FB5-F00E-4F36-AA9E-E7478A2D32E3}.Release|Any CPU.Build.0 = Release|Any CPU
		{D858428B-09C9-48B7-9D03-A79A5934B750}.Debug|Any CPU.ActiveCfg = Debug|Any CPU
		{D858428B-09C9-48B7-9D03-A79A5934B750}.Debug|Any CPU.Build.0 = Debug|Any CPU
		{D858428B-09C9-48B7-9D03-A79A5934B750}.Release|Any CPU.ActiveCfg = Release|Any CPU
		{D858428B-09C9-48B7-9D03-A79A5934B750}.Release|Any CPU.Build.0 = Release|Any CPU
		{A6D00A24-988A-4451-B504-024D0D421263}.Debug|Any CPU.ActiveCfg = Debug|Any CPU
		{A6D00A24-988A-4451-B504-024D0D421263}.Debug|Any CPU.Build.0 = Debug|Any CPU
		{A6D00A24-988A-4451-B504-024D0D421263}.Release|Any CPU.ActiveCfg = Release|Any CPU
		{A6D00A24-988A-4451-B504-024D0D421263}.Release|Any CPU.Build.0 = Release|Any CPU
		{07D042AF-1A70-417C-A893-C7C29B5CBBD3}.Debug|Any CPU.ActiveCfg = Debug|Any CPU
		{07D042AF-1A70-417C-A893-C7C29B5CBBD3}.Debug|Any CPU.Build.0 = Debug|Any CPU
		{07D042AF-1A70-417C-A893-C7C29B5CBBD3}.Release|Any CPU.ActiveCfg = Release|Any CPU
		{07D042AF-1A70-417C-A893-C7C29B5CBBD3}.Release|Any CPU.Build.0 = Release|Any CPU
		{07AE16AD-4D5D-43A7-9B08-7EBB3B18E3B7}.Debug|Any CPU.ActiveCfg = Debug|Any CPU
		{07AE16AD-4D5D-43A7-9B08-7EBB3B18E3B7}.Debug|Any CPU.Build.0 = Debug|Any CPU
		{07AE16AD-4D5D-43A7-9B08-7EBB3B18E3B7}.Release|Any CPU.ActiveCfg = Release|Any CPU
		{07AE16AD-4D5D-43A7-9B08-7EBB3B18E3B7}.Release|Any CPU.Build.0 = Release|Any CPU
	EndGlobalSection
	GlobalSection(SolutionProperties) = preSolution
		HideSolutionNode = FALSE
	EndGlobalSection
EndGlobal
